Microsoft Visual Studio Solution File, Format Version 12.00
# Visual Studio Version 17
VisualStudioVersion = 17.5.2.0
MinimumVisualStudioVersion = 10.0.40219.1
Project("{FAE04EC0-301F-11D3-BF4B-00C04F79EFBC}") = "CSharp_Ex_3", "CSharp_Ex_3.csproj", "{45040E19-738D-68E0-B6EE-C0D9664C3646}"
EndProject
Global
	GlobalSection(SolutionConfigurationPlatforms) = preSolution
		Debug|Any CPU = Debug|Any CPU
		Release|Any CPU = Release|Any CPU
	EndGlobalSection
	GlobalSection(ProjectConfigurationPlatforms) = postSolution
		{45040E19-738D-68E0-B6EE-C0D9664C3646}.Debug|Any CPU.ActiveCfg = Debug|Any CPU
		{45040E19-738D-68E0-B6EE-C0D9664C3646}.Debug|Any CPU.Build.0 = Debug|Any CPU
		{45040E19-738D-68E0-B6EE-C0D9664C3646}.Release|Any CPU.ActiveCfg = Release|Any CPU
		{45040E19-738D-68E0-B6EE-C0D9664C3646}.Release|Any CPU.Build.0 = Release|Any CPU
	EndGlobalSection
	GlobalSection(SolutionProperties) = preSolution
		HideSolutionNode = FALSE
	EndGlobalSection
	GlobalSection(ExtensibilityGlobals) = postSolution
		SolutionGuid = {6F21AA48-AEFE-4F88-A136-6B650898C571}
	EndGlobalSection
EndGlobal
